{
  "name": "phone",
  "version": "1.0.0",
  "lockfileVersion": 1,
  "requires": true,
  "dependencies": {
    "google-libphonenumber": {
      "version": "3.2.8",
      "resolved": "https://registry.npmjs.org/google-libphonenumber/-/google-libphonenumber-3.2.8.tgz",
      "integrity": "sha512-iWs1KcxOozmKQbCeGjvU0M7urrkNjBYOSBtb819RjkUNJHJLfn7DADKkKwdJTOMPLcLOE11/4h/FyFwJsTiwLg=="
    }
  }
}
